
Microsoft Visual Studio Solution File, Format Version 12.00
# Visual Studio Version 16
VisualStudioVersion = 16.0.31005.135
MinimumVisualStudioVersion = 10.0.40219.1
Project("{FAE04EC0-301F-11D3-BF4B-00C04F79EFBC}") = "TechBlog.Web", "TechBlog.Web\TechBlog.Web.csproj", "{04C79D06-BC0D-417D-9FF4-501F1D3949E3}"
EndProject
Project("{00D1A9C2-B5F0-4AF3-8072-F6C62B433612}") = "TechBlog.DB", "TechBlog.DB\TechBlog.DB.sqlproj", "{12948058-4B5A-4C10-81AE-759DE4C44371}"
EndProject
Project("{FAE04EC0-301F-11D3-BF4B-00C04F79EFBC}") = "TechBlog.Contract", "TechBlog.Contract\TechBlog.Contract.csproj", "{064D7985-DE8B-4E05-B9E8-37719B5F5CFE}"
EndProject
Project("{FAE04EC0-301F-11D3-BF4B-00C04F79EFBC}") = "TechBlog.Domain", "TechBlog.Domain\TechBlog.Domain.csproj", "{9DB0C28C-1D0E-4281-A0D6-4BC3FBB497DC}"
EndProject
Project("{FAE04EC0-301F-11D3-BF4B-00C04F79EFBC}") = "TechBlog.DbContext", "TechBlog.DbContext\TechBlog.DbContext.csproj", "{DBF91300-797B-43AD-8546-B9F200AA0796}"
EndProject
Project("{FAE04EC0-301F-11D3-BF4B-00C04F79EFBC}") = "TechBlog.Interfaces", "TechBlog.Interfaces\TechBlog.Interfaces.csproj", "{5735A316-57C9-4364-907C-3B5B2A103D41}"
EndProject
Project("{FAE04EC0-301F-11D3-BF4B-00C04F79EFBC}") = "TechBlog.Dal.Share", "TechBlog.Dal.Share\TechBlog.Dal.Share.csproj", "{BA18AAF5-F90D-4DEB-BFE3-5AFAF1C86D15}"
EndProject
Project("{FAE04EC0-301F-11D3-BF4B-00C04F79EFBC}") = "TechBlog.Domain.Share", "TechBlog.Domain.Share\TechBlog.Domain.Share.csproj", "{B4C4A4F8-88F6-499B-A601-3AD9E147DD67}"
EndProject
Project("{FAE04EC0-301F-11D3-BF4B-00C04F79EFBC}") = "TechBlog.Dependecies", "TechBlog.Dependecies\TechBlog.Dependecies.csproj", "{9540B5A2-8A8E-420C-8E40-23EE9CCEE257}"
EndProject
Project("{FAE04EC0-301F-11D3-BF4B-00C04F79EFBC}") = "TechBlog.Dal", "TechBlog.Dal\TechBlog.Dal.csproj", "{3818B48F-82D9-469B-B096-2FD08160B9A9}"
EndProject
Project("{FAE04EC0-301F-11D3-BF4B-00C04F79EFBC}") = "TechBlog.Domain.Admin", "TechBlog.Domain.Admin\TechBlog.Domain.Admin.csproj", "{4FED82EC-3609-461C-AFA3-AC011E5E8D57}"
EndProject
Project("{FAE04EC0-301F-11D3-BF4B-00C04F79EFBC}") = "TechBlog.Dal.Admin", "TechBlog.Dal.Admin\TechBlog.Dal.Admin.csproj", "{A436111C-5175-448D-B93C-8927D5F81382}"
EndProject
Project("{FAE04EC0-301F-11D3-BF4B-00C04F79EFBC}") = "TechBlog.Utils", "TechBlog.Utils\TechBlog.Utils.csproj", "{28183DA5-2B09-43FC-8C1C-EDBCD1CC6331}"
EndProject
Project("{FAE04EC0-301F-11D3-BF4B-00C04F79EFBC}") = "TechBlog.Dal.Cache", "TechBlog.Dal.Cache\TechBlog.Dal.Cache.csproj", "{4D7C6DC1-99D6-4D31-9909-A482BFDACFDD}"
EndProject
Project("{FAE04EC0-301F-11D3-BF4B-00C04F79EFBC}") = "TechBlog.Core", "TechBlog.Core\TechBlog.Core.csproj", "{427AE6AE-E43B-4883-B5EB-D0C68975A5DA}"
EndProject
Project("{FAE04EC0-301F-11D3-BF4B-00C04F79EFBC}") = "TechBlog.Validator", "TechBlog.Validator\TechBlog.Validator.csproj", "{48276319-F2ED-4A0B-8604-F0E8260E1662}"
EndProject
Project("{2150E333-8FDC-42A3-9474-1A3956D46DE8}") = "DataAccess", "DataAccess", "{7990A7EB-3CB4-49CD-B5A2-6E35E65DBD64}"
EndProject
Project("{2150E333-8FDC-42A3-9474-1A3956D46DE8}") = "Domain", "Domain", "{71AEA878-8771-4C11-B7C6-6CA57E443FDF}"
EndProject
Project("{2150E333-8FDC-42A3-9474-1A3956D46DE8}") = "Database", "Database", "{EA4B72BD-3615-42DA-9413-6F3049D09EF4}"
EndProject
Project("{2150E333-8FDC-42A3-9474-1A3956D46DE8}") = "Shared", "Shared", "{95A694B7-42E8-4FD0-BFBC-C864D79C9EF6}"
EndProject
Project("{2150E333-8FDC-42A3-9474-1A3956D46DE8}") = "UI", "UI", "{396F3B95-3407-490A-A033-5FCF2396E76E}"
EndProject
Global
	GlobalSection(SolutionConfigurationPlatforms) = preSolution
		Debug|Any CPU = Debug|Any CPU
		Release|Any CPU = Release|Any CPU
	EndGlobalSection
	GlobalSection(ProjectConfigurationPlatforms) = postSolution
		{04C79D06-BC0D-417D-9FF4-501F1D3949E3}.Debug|Any CPU.ActiveCfg = Debug|Any CPU
		{04C79D06-BC0D-417D-9FF4-501F1D3949E3}.Debug|Any CPU.Build.0 = Debug|Any CPU
		{04C79D06-BC0D-417D-9FF4-501F1D3949E3}.Release|Any CPU.ActiveCfg = Release|Any CPU
		{04C79D06-BC0D-417D-9FF4-501F1D3949E3}.Release|Any CPU.Build.0 = Release|Any CPU
		{12948058-4B5A-4C10-81AE-759DE4C44371}.Debug|Any CPU.ActiveCfg = Debug|Any CPU
		{12948058-4B5A-4C10-81AE-759DE4C44371}.Debug|Any CPU.Build.0 = Debug|Any CPU
		{12948058-4B5A-4C10-81AE-759DE4C44371}.Debug|Any CPU.Deploy.0 = Debug|Any CPU
		{12948058-4B5A-4C10-81AE-759DE4C44371}.Release|Any CPU.ActiveCfg = Release|Any CPU
		{12948058-4B5A-4C10-81AE-759DE4C44371}.Release|Any CPU.Build.0 = Release|Any CPU
		{12948058-4B5A-4C10-81AE-759DE4C44371}.Release|Any CPU.Deploy.0 = Release|Any CPU
		{064D7985-DE8B-4E05-B9E8-37719B5F5CFE}.Debug|Any CPU.ActiveCfg = Debug|Any CPU
		{064D7985-DE8B-4E05-B9E8-37719B5F5CFE}.Debug|Any CPU.Build.0 = Debug|Any CPU
		{064D7985-DE8B-4E05-B9E8-37719B5F5CFE}.Release|Any CPU.ActiveCfg = Release|Any CPU
		{064D7985-DE8B-4E05-B9E8-37719B5F5CFE}.Release|Any CPU.Build.0 = Release|Any CPU
		{9DB0C28C-1D0E-4281-A0D6-4BC3FBB497DC}.Debug|Any CPU.ActiveCfg = Debug|Any CPU
		{9DB0C28C-1D0E-4281-A0D6-4BC3FBB497DC}.Debug|Any CPU.Build.0 = Debug|Any CPU
		{9DB0C28C-1D0E-4281-A0D6-4BC3FBB497DC}.Release|Any CPU.ActiveCfg = Release|Any CPU
		{9DB0C28C-1D0E-4281-A0D6-4BC3FBB497DC}.Release|Any CPU.Build.0 = Release|Any CPU
		{DBF91300-797B-43AD-8546-B9F200AA0796}.Debug|Any CPU.ActiveCfg = Debug|Any CPU
		{DBF91300-797B-43AD-8546-B9F200AA0796}.Debug|Any CPU.Build.0 = Debug|Any CPU
		{DBF91300-797B-43AD-8546-B9F200AA0796}.Release|Any CPU.ActiveCfg = Release|Any CPU
		{DBF91300-797B-43AD-8546-B9F200AA0796}.Release|Any CPU.Build.0 = Release|Any CPU
		{5735A316-57C9-4364-907C-3B5B2A103D41}.Debug|Any CPU.ActiveCfg = Debug|Any CPU
		{5735A316-57C9-4364-907C-3B5B2A103D41}.Debug|Any CPU.Build.0 = Debug|Any CPU
		{5735A316-57C9-4364-907C-3B5B2A103D41}.Release|Any CPU.ActiveCfg = Release|Any CPU
		{5735A316-57C9-4364-907C-3B5B2A103D41}.Release|Any CPU.Build.0 = Release|Any CPU
		{BA18AAF5-F90D-4DEB-BFE3-5AFAF1C86D15}.Debug|Any CPU.ActiveCfg = Debug|Any CPU
		{BA18AAF5-F90D-4DEB-BFE3-5AFAF1C86D15}.Debug|Any CPU.Build.0 = Debug|Any CPU
		{BA18AAF5-F90D-4DEB-BFE3-5AFAF1C86D15}.Release|Any CPU.ActiveCfg = Release|Any CPU
		{BA18AAF5-F90D-4DEB-BFE3-5AFAF1C86D15}.Release|Any CPU.Build.0 = Release|Any CPU
		{B4C4A4F8-88F6-499B-A601-3AD9E147DD67}.Debug|Any CPU.ActiveCfg = Debug|Any CPU
		{B4C4A4F8-88F6-499B-A601-3AD9E147DD67}.Debug|Any CPU.Build.0 = Debug|Any CPU
		{B4C4A4F8-88F6-499B-A601-3AD9E147DD67}.Release|Any CPU.ActiveCfg = Release|Any CPU
		{B4C4A4F8-88F6-499B-A601-3AD9E147DD67}.Release|Any CPU.Build.0 = Release|Any CPU
		{9540B5A2-8A8E-420C-8E40-23EE9CCEE257}.Debug|Any CPU.ActiveCfg = Debug|Any CPU
		{9540B5A2-8A8E-420C-8E40-23EE9CCEE257}.Debug|Any CPU.Build.0 = Debug|Any CPU
		{9540B5A2-8A8E-420C-8E40-23EE9CCEE257}.Release|Any CPU.ActiveCfg = Release|Any CPU
		{9540B5A2-8A8E-420C-8E40-23EE9CCEE257}.Release|Any CPU.Build.0 = Release|Any CPU
		{3818B48F-82D9-469B-B096-2FD08160B9A9}.Debug|Any CPU.ActiveCfg = Debug|Any CPU
		{3818B48F-82D9-469B-B096-2FD08160B9A9}.Debug|Any CPU.Build.0 = Debug|Any CPU
		{3818B48F-82D9-469B-B096-2FD08160B9A9}.Release|Any CPU.ActiveCfg = Release|Any CPU
		{3818B48F-82D9-469B-B096-2FD08160B9A9}.Release|Any CPU.Build.0 = Release|Any CPU
		{4FED82EC-3609-461C-AFA3-AC011E5E8D57}.Debug|Any CPU.ActiveCfg = Debug|Any CPU
		{4FED82EC-3609-461C-AFA3-AC011E5E8D57}.Debug|Any CPU.Build.0 = Debug|Any CPU
		{4FED82EC-3609-461C-AFA3-AC011E5E8D57}.Release|Any CPU.ActiveCfg = Release|Any CPU
		{4FED82EC-3609-461C-AFA3-AC011E5E8D57}.Release|Any CPU.Build.0 = Release|Any CPU
		{A436111C-5175-448D-B93C-8927D5F81382}.Debug|Any CPU.ActiveCfg = Debug|Any CPU
		{A436111C-5175-448D-B93C-8927D5F81382}.Debug|Any CPU.Build.0 = Debug|Any CPU
		{A436111C-5175-448D-B93C-8927D5F81382}.Release|Any CPU.ActiveCfg = Release|Any CPU
		{A436111C-5175-448D-B93C-8927D5F81382}.Release|Any CPU.Build.0 = Release|Any CPU
		{28183DA5-2B09-43FC-8C1C-EDBCD1CC6331}.Debug|Any CPU.ActiveCfg = Debug|Any CPU
		{28183DA5-2B09-43FC-8C1C-EDBCD1CC6331}.Debug|Any CPU.Build.0 = Debug|Any CPU
		{28183DA5-2B09-43FC-8C1C-EDBCD1CC6331}.Release|Any CPU.ActiveCfg = Release|Any CPU
		{28183DA5-2B09-43FC-8C1C-EDBCD1CC6331}.Release|Any CPU.Build.0 = Release|Any CPU
		{4D7C6DC1-99D6-4D31-9909-A482BFDACFDD}.Debug|Any CPU.ActiveCfg = Debug|Any CPU
		{4D7C6DC1-99D6-4D31-9909-A482BFDACFDD}.Debug|Any CPU.Build.0 = Debug|Any CPU
		{4D7C6DC1-99D6-4D31-9909-A482BFDACFDD}.Release|Any CPU.ActiveCfg = Release|Any CPU
		{4D7C6DC1-99D6-4D31-9909-A482BFDACFDD}.Release|Any CPU.Build.0 = Release|Any CPU
		{427AE6AE-E43B-4883-B5EB-D0C68975A5DA}.Debug|Any CPU.ActiveCfg = Debug|Any CPU
		{427AE6AE-E43B-4883-B5EB-D0C68975A5DA}.Debug|Any CPU.Build.0 = Debug|Any CPU
		{427AE6AE-E43B-4883-B5EB-D0C68975A5DA}.Release|Any CPU.ActiveCfg = Release|Any CPU
		{427AE6AE-E43B-4883-B5EB-D0C68975A5DA}.Release|Any CPU.Build.0 = Release|Any CPU
		{48276319-F2ED-4A0B-8604-F0E8260E1662}.Debug|Any CPU.ActiveCfg = Debug|Any CPU
		{48276319-F2ED-4A0B-8604-F0E8260E1662}.Debug|Any CPU.Build.0 = Debug|Any CPU
		{48276319-F2ED-4A0B-8604-F0E8260E1662}.Release|Any CPU.ActiveCfg = Release|Any CPU
		{48276319-F2ED-4A0B-8604-F0E8260E1662}.Release|Any CPU.Build.0 = Release|Any CPU
	EndGlobalSection
	GlobalSection(SolutionProperties) = preSolution
		HideSolutionNode = FALSE
	EndGlobalSection
	GlobalSection(NestedProjects) = preSolution
		{04C79D06-BC0D-417D-9FF4-501F1D3949E3} = {396F3B95-3407-490A-A033-5FCF2396E76E}
		{12948058-4B5A-4C10-81AE-759DE4C44371} = {EA4B72BD-3615-42DA-9413-6F3049D09EF4}
		{064D7985-DE8B-4E05-B9E8-37719B5F5CFE} = {95A694B7-42E8-4FD0-BFBC-C864D79C9EF6}
		{9DB0C28C-1D0E-4281-A0D6-4BC3FBB497DC} = {71AEA878-8771-4C11-B7C6-6CA57E443FDF}
		{DBF91300-797B-43AD-8546-B9F200AA0796} = {EA4B72BD-3615-42DA-9413-6F3049D09EF4}
		{5735A316-57C9-4364-907C-3B5B2A103D41} = {95A694B7-42E8-4FD0-BFBC-C864D79C9EF6}
		{BA18AAF5-F90D-4DEB-BFE3-5AFAF1C86D15} = {7990A7EB-3CB4-49CD-B5A2-6E35E65DBD64}
		{B4C4A4F8-88F6-499B-A601-3AD9E147DD67} = {71AEA878-8771-4C11-B7C6-6CA57E443FDF}
		{9540B5A2-8A8E-420C-8E40-23EE9CCEE257} = {95A694B7-42E8-4FD0-BFBC-C864D79C9EF6}
		{3818B48F-82D9-469B-B096-2FD08160B9A9} = {7990A7EB-3CB4-49CD-B5A2-6E35E65DBD64}
		{4FED82EC-3609-461C-AFA3-AC011E5E8D57} = {71AEA878-8771-4C11-B7C6-6CA57E443FDF}
		{A436111C-5175-448D-B93C-8927D5F81382} = {7990A7EB-3CB4-49CD-B5A2-6E35E65DBD64}
		{28183DA5-2B09-43FC-8C1C-EDBCD1CC6331} = {95A694B7-42E8-4FD0-BFBC-C864D79C9EF6}
		{4D7C6DC1-99D6-4D31-9909-A482BFDACFDD} = {7990A7EB-3CB4-49CD-B5A2-6E35E65DBD64}
		{427AE6AE-E43B-4883-B5EB-D0C68975A5DA} = {396F3B95-3407-490A-A033-5FCF2396E76E}
		{48276319-F2ED-4A0B-8604-F0E8260E1662} = {95A694B7-42E8-4FD0-BFBC-C864D79C9EF6}
	EndGlobalSection
	GlobalSection(ExtensibilityGlobals) = postSolution
		SolutionGuid = {284E5ECF-C3E0-44FD-BFE7-A1E2AA2CC221}
	EndGlobalSection
EndGlobal
